Microsoft Visual Studio Solution File, Format Version 12.00
# Visual Studio Version 16
VisualStudioVersion = 16.0.0.0
MinimumVisualStudioVersion = 16.0.0.0
Project("{9A19103F-16F7-4668-BE54-9A1E7A4F7556}") = "BlazorFilmes.Server", "Server\BlazorFilmes.Server.csproj", "{400A2CE5-11D4-424D-8988-19206319CDA3}"
EndProject
Project("{9A19103F-16F7-4668-BE54-9A1E7A4F7556}") = "BlazorFilmes.Client", "Client\BlazorFilmes.Client.csproj", "{9A777707-F77D-4FA4-93E0-29CA816CE60D}"
EndProject
Project("{9A19103F-16F7-4668-BE54-9A1E7A4F7556}") = "BlazorFilmes.Shared", "Shared\BlazorFilmes.Shared.csproj", "{DD5EED05-D1EC-4D39-A0E7-F938402E7C7C}"
EndProject
Global
	GlobalSection(SolutionConfigurationPlatforms) = preSolution
		Debug|Any CPU = Debug|Any CPU
		Debug|x64 = Debug|x64
		Debug|x86 = Debug|x86
		Release|Any CPU = Release|Any CPU
		Release|x64 = Release|x64
		Release|x86 = Release|x86
	EndGlobalSection
	GlobalSection(ProjectConfigurationPlatforms) = postSolution
		{9A777707-F77D-4FA4-93E0-29CA816CE60D}.Debug|Any CPU.ActiveCfg = Debug|Any CPU
		{9A777707-F77D-4FA4-93E0-29CA816CE60D}.Debug|Any CPU.Build.0 = Debug|Any CPU
		{9A777707-F77D-4FA4-93E0-29CA816CE60D}.Debug|x64.ActiveCfg = Debug|Any CPU
		{9A777707-F77D-4FA4-93E0-29CA816CE60D}.Debug|x64.Build.0 = Debug|Any CPU
		{9A777707-F77D-4FA4-93E0-29CA816CE60D}.Debug|x86.ActiveCfg = Debug|Any CPU
		{9A777707-F77D-4FA4-93E0-29CA816CE60D}.Debug|x86.Build.0 = Debug|Any CPU
		{9A777707-F77D-4FA4-93E0-29CA816CE60D}.Release|Any CPU.ActiveCfg = Release|Any CPU
		{9A777707-F77D-4FA4-93E0-29CA816CE60D}.Release|Any CPU.Build.0 = Release|Any CPU
		{9A777707-F77D-4FA4-93E0-29CA816CE60D}.Release|x64.ActiveCfg = Release|Any CPU
		{9A777707-F77D-4FA4-93E0-29CA816CE60D}.Release|x64.Build.0 = Release|Any CPU
		{9A777707-F77D-4FA4-93E0-29CA816CE60D}.Release|x86.ActiveCfg = Release|Any CPU
		{9A777707-F77D-4FA4-93E0-29CA816CE60D}.Release|x86.Build.0 = Release|Any CPU
		{400A2CE5-11D4-424D-8988-19206319CDA3}.Debug|Any CPU.ActiveCfg = Debug|Any CPU
		{400A2CE5-11D4-424D-8988-19206319CDA3}.Debug|Any CPU.Build.0 = Debug|Any CPU
		{400A2CE5-11D4-424D-8988-19206319CDA3}.Debug|x64.ActiveCfg = Debug|Any CPU
		{400A2CE5-11D4-424D-8988-19206319CDA3}.Debug|x64.Build.0 = Debug|Any CPU
		{400A2CE5-11D4-424D-8988-19206319CDA3}.Debug|x86.ActiveCfg = Debug|Any CPU
		{400A2CE5-11D4-424D-8988-19206319CDA3}.Debug|x86.Build.0 = Debug|Any CPU
		{400A2CE5-11D4-424D-8988-19206319CDA3}.Release|Any CPU.ActiveCfg = Release|Any CPU
		{400A2CE5-11D4-424D-8988-19206319CDA3}.Release|Any CPU.Build.0 = Release|Any CPU
		{400A2CE5-11D4-424D-8988-19206319CDA3}.Release|x64.ActiveCfg = Release|Any CPU
		{400A2CE5-11D4-424D-8988-19206319CDA3}.Release|x64.Build.0 = Release|Any CPU
		{400A2CE5-11D4-424D-8988-19206319CDA3}.Release|x86.ActiveCfg = Release|Any CPU
		{400A2CE5-11D4-424D-8988-19206319CDA3}.Release|x86.Build.0 = Release|Any CPU
		{DD5EED05-D1EC-4D39-A0E7-F938402E7C7C}.Debug|Any CPU.ActiveCfg = Debug|Any CPU
		{DD5EED05-D1EC-4D39-A0E7-F938402E7C7C}.Debug|Any CPU.Build.0 = Debug|Any CPU
		{DD5EED05-D1EC-4D39-A0E7-F938402E7C7C}.Debug|x64.ActiveCfg = Debug|Any CPU
		{DD5EED05-D1EC-4D39-A0E7-F938402E7C7C}.Debug|x64.Build.0 = Debug|Any CPU
		{DD5EED05-D1EC-4D39-A0E7-F938402E7C7C}.Debug|x86.ActiveCfg = Debug|Any CPU
		{DD5EED05-D1EC-4D39-A0E7-F938402E7C7C}.Debug|x86.Build.0 = Debug|Any CPU
		{DD5EED05-D1EC-4D39-A0E7-F938402E7C7C}.Release|Any CPU.ActiveCfg = Release|Any CPU
		{DD5EED05-D1EC-4D39-A0E7-F938402E7C7C}.Release|Any CPU.Build.0 = Release|Any CPU
		{DD5EED05-D1EC-4D39-A0E7-F938402E7C7C}.Release|x64.ActiveCfg = Release|Any CPU
		{DD5EED05-D1EC-4D39-A0E7-F938402E7C7C}.Release|x64.Build.0 = Release|Any CPU
		{DD5EED05-D1EC-4D39-A0E7-F938402E7C7C}.Release|x86.ActiveCfg = Release|Any CPU
		{DD5EED05-D1EC-4D39-A0E7-F938402E7C7C}.Release|x86.Build.0 = Release|Any CPU
	EndGlobalSection
	GlobalSection(SolutionProperties) = preSolution
		HideSolutionNode = FALSE
	EndGlobalSection
	GlobalSection(ExtensibilityGlobals) = postSolution
		SolutionGuid = {7A5AB6B1-E0AA-46C0-AD43-BB18C8A5DF7D}
	EndGlobalSection
EndGlobal